
Microsoft Visual Studio Solution File, Format Version 12.00
# Visual Studio Version 17
VisualStudioVersion = 17.14.36301.6 d17.14
MinimumVisualStudioVersion = 10.0.40219.1
Project("{FAE04EC0-301F-11D3-BF4B-00C04F79EFBC}") = "LatihanInheritance", "LatihanInheritance\LatihanInheritance.csproj", "{36C0A2A8-19A7-4A84-97D1-ABB1CCF8B4CE}"
EndProject
Global
	GlobalSection(SolutionConfigurationPlatforms) = preSolution
		Debug|Any CPU = Debug|Any CPU
		Release|Any CPU = Release|Any CPU
	EndGlobalSection
	GlobalSection(ProjectConfigurationPlatforms) = postSolution
		{36C0A2A8-19A7-4A84-97D1-ABB1CCF8B4CE}.Debug|Any CPU.ActiveCfg = Debug|Any CPU
		{36C0A2A8-19A7-4A84-97D1-ABB1CCF8B4CE}.Debug|Any CPU.Build.0 = Debug|Any CPU
		{36C0A2A8-19A7-4A84-97D1-ABB1CCF8B4CE}.Release|Any CPU.ActiveCfg = Release|Any CPU
		{36C0A2A8-19A7-4A84-97D1-ABB1CCF8B4CE}.Release|Any CPU.Build.0 = Release|Any CPU
	EndGlobalSection
	GlobalSection(SolutionProperties) = preSolution
		HideSolutionNode = FALSE
	EndGlobalSection
	GlobalSection(ExtensibilityGlobals) = postSolution
		SolutionGuid = {17D0258D-E646-427D-BDB7-6CD22E9CFBDA}
	EndGlobalSection
EndGlobal
